PODS:
  - ACProgressHUD-Swift (1.2)
  - Alamofire (4.4.0)
  - Bolts (1.8.4):
    - Bolts/AppLinks (= 1.8.4)
    - Bolts/Tasks (= 1.8.4)
  - Bolts/AppLinks (1.8.4):
    - Bolts/Tasks
  - Bolts/Tasks (1.8.4)
  - CardIO (5.4.1)
  - FacebookCore (0.2.0):
    - Bolts (~> 1.8)
    - FBSDKCoreKit (~> 4.15)
  - FacebookLogin (0.2.0):
    - Bolts (~> 1.8)
    - FacebookCore (~> 0.2)
    - FBSDKCoreKit (~> 4.15)
    - FBSDKLoginKit (~> 4.15)
  - FacebookShare (0.2.0):
    - Bolts (~> 1.8)
    - FacebookCore (~> 0.2)
    - FBSDKCoreKit (~> 4.15)
    - FBSDKShareKit (~> 4.15)
  - FBSDKCoreKit (4.23.0):
    - Bolts (~> 1.7)
  - FBSDKLoginKit (4.23.0):
    - FBSDKCoreKit
  - FBSDKShareKit (4.23.0):
    - FBSDKCoreKit
  - Firebase (4.0.2):
    - Firebase/Core (= 4.0.2)
  - Firebase/Core (4.0.2):
    - FirebaseAnalytics (= 4.0.1)
    - FirebaseCore (= 4.0.2)
  - FirebaseAnalytics (4.0.1):
    - FirebaseCore (~> 4.0)
    - FirebaseInstanceID (~> 2.0)
    - GoogleToolboxForMac/NSData+zlib (~> 2.1)
  - FirebaseAuth (4.0.0):
    - FirebaseAnalytics (~> 4.0)
    - GoogleToolboxForMac/NSDictionary+URLArguments (~> 2.1)
    - GTMSessionFetcher/Core (~> 1.1)
  - FirebaseCore (4.0.2):
    - GoogleToolboxForMac/NSData+zlib (~> 2.1)
  - FirebaseDatabase (4.0.0):
    - FirebaseAnalytics (~> 4.0)
  - FirebaseInstanceID (2.0.0):
    - FirebaseCore (~> 4.0)
  - FirebaseStorage (2.0.0):
    - FirebaseAnalytics (~> 4.0)
    - FirebaseCore (~> 4.0)
    - GTMSessionFetcher/Core (~> 1.1)
  - Google/Core (2.0.4):
    - GoogleInterchangeUtilities (~> 1.0)
    - GoogleNetworkingUtilities (~> 1.0)
    - GoogleSymbolUtilities (~> 1.0)
    - GoogleUtilities (~> 1.1)
  - Google/SignIn (2.0.4):
    - Google/Core
    - GoogleSignIn (~> 3.0)
  - GoogleAppUtilities (1.1.2):
    - GoogleSymbolUtilities (~> 1.1)
  - GoogleAuthUtilities (2.0.2):
    - GoogleNetworkingUtilities (~> 1.2)
    - GoogleSymbolUtilities (~> 1.1)
  - GoogleInterchangeUtilities (1.2.2):
    - GoogleSymbolUtilities (~> 1.1)
  - GoogleNetworkingUtilities (1.2.2):
    - GoogleSymbolUtilities (~> 1.1)
  - GoogleSignIn (3.0.0):
    - GoogleAppUtilities (~> 1.0)
    - GoogleAuthUtilities (~> 2.0)
    - GoogleNetworkingUtilities (~> 1.0)
    - GoogleUtilities (~> 1.0)
  - GoogleSymbolUtilities (1.1.2)
  - GoogleToolboxForMac/DebugUtils (2.1.1):
    - GoogleToolboxForMac/Defines (= 2.1.1)
  - GoogleToolboxForMac/Defines (2.1.1)
  - GoogleToolboxForMac/NSData+zlib (2.1.1):
    - GoogleToolboxForMac/Defines (= 2.1.1)
  - GoogleToolboxForMac/NSDictionary+URLArguments (2.1.1):
    - GoogleToolboxForMac/DebugUtils (= 2.1.1)
    - GoogleToolboxForMac/Defines (= 2.1.1)
    - GoogleToolboxForMac/NSString+URLArguments (= 2.1.1)
  - GoogleToolboxForMac/NSString+URLArguments (2.1.1)
  - GoogleUtilities (1.3.2):
    - GoogleSymbolUtilities (~> 1.1)
  - GTMSessionFetcher/Core (1.1.10)
  - PayPal-iOS-SDK (2.17.0):
    - PayPal-iOS-SDK/CardIO (= 2.17.0)
    - PayPal-iOS-SDK/Core (= 2.17.0)
  - PayPal-iOS-SDK/CardIO (2.17.0):
    - CardIO (~> 5.4.1)
  - PayPal-iOS-SDK/Core (2.17.0)
  - SwiftyJSON (3.1.4)
  - Toaster (2.0.4)
  - UIColor_Hex_Swift (3.0.2)

DEPENDENCIES:
  - ACProgressHUD-Swift (~> 1.2)
  - Alamofire (~> 4.3)
  - FacebookCore
  - FacebookLogin
  - FacebookShare
  - Firebase
  - FirebaseAuth
  - FirebaseDatabase
  - FirebaseStorage
  - Google/SignIn
  - PayPal-iOS-SDK
  - SwiftyJSON
  - Toaster (~> 2.0)
  - UIColor_Hex_Swift (~> 3.0.2)

SPEC CHECKSUMS:
  ACProgressHUD-Swift: a08e699b2d8b3f3528d77c021ad6a326bc16f76d
  Alamofire: dc44b1600b800eb63da6a19039a0083d62a6a62d
  Bolts: 8a7995239dbe724f9cba2248b766d48b7ebdd322
  CardIO: 56983b39b62f495fc6dae9ad7cf875143df06443
  FacebookCore: 2cb3f0fbff218e9d3119cec84bae983b232412de
  FacebookLogin: c9d606504735780a9e3002465a615512e0a691a5
  FacebookShare: 8e9ee8ea06505e6a1d3d719b0cc63e840fb8aaeb
  FBSDKCoreKit: d7829f5a69901cd7296105328e4c3c3fc7da6518
  FBSDKLoginKit: 6b92bd65f319d669d2b0730e49db495ef1660566
  FBSDKShareKit: 65751c3b9937ab9d594e6c37611ecc115ceeb448
  Firebase: c7ad0731eab26d18a3fc547dd048b0f7cd9c63ae
  FirebaseAnalytics: 4d7040fefc3cd8b291cde35f12cf063d7963f15d
  FirebaseAuth: ebb6abcbabae00fc47446d690c19ce68d8484fde
  FirebaseCore: 1a8bf6c795ad07d2918278657954ffd2552e9c17
  FirebaseDatabase: d829b3a8c3e2ac7a16773c5df226966b0805dfc2
  FirebaseInstanceID: 9fbf536668f4d3f0880e7438456dabd1376e294b
  FirebaseStorage: 8110a1ed2034c8fbfd83890d2acc9cdbbd99afec
  Google: d536877ec602555b755cc28ce6fed104825c693c
  GoogleAppUtilities: a8a552aa74f6597f805e45b5a3962766c3134973
  GoogleAuthUtilities: ccad2e0a9284699973ff57c0dd24c3893657fda4
  GoogleInterchangeUtilities: d5bc4d88d5b661ab72f9d70c58d02ca8c27ad1f7
  GoogleNetworkingUtilities: 3edd3a8161347494f2da60ea0deddc8a472d94cb
  GoogleSignIn: 3d571172b8603be39dcb1705d8217146bb76fe62
  GoogleSymbolUtilities: 631ee17048aa5e9ab133470d768ea997a5ef9b96
  GoogleToolboxForMac: 8e329f1b599f2512c6b10676d45736bcc2cbbeb0
  GoogleUtilities: 8bbc733218aad26306f9d4a253823986110e3358
  GTMSessionFetcher: 30d874b96d0d76028f61fbd122801e3f030d47db
  PayPal-iOS-SDK: 849321f6214a7187ee4cc684f63fe509df4c4a36
  SwiftyJSON: c2842d878f95482ffceec5709abc3d05680c0220
  Toaster: f13031c636ef065281bc11857be9a16c7659e04f
  UIColor_Hex_Swift: 95f718452092a3efc8a827dffd2c04d3237be02d

PODFILE CHECKSUM: 4c7052121cb0ebab1510b6197bfb6a02ab4c9511

COCOAPODS: 1.2.0
